# This file is autogenerated, do not edit; changes may be undone by the next 'dep ensure'.


[[projects]]
  branch = "master"
  digest = "1:62c57507df491b657e9ae2645f30958d9964c8eeb380600469eedc951ebb3a0e"
  name = "github.com/golang/freetype"
  packages = [
    "raster",
    "truetype",
  ]
  pruneopts = "UT"
  revision = "e2365dfdc4a05e4b8299a783240d4a7d5a65d4e4"

[[projects]]
  branch = "master"
  digest = "1:55fe9fa7dddafcc051f64c7d36ccd35dad5e59c6cace46736669a060f7e0b97c"
  name = "github.com/llgcode/draw2d"
  packages = [
    ".",
    "draw2dbase",
    "draw2dimg",
  ]
  pruneopts = "UT"
  revision = "79e59b6b8fbc28e34dc8c7bc53c8a2668989f425"

[[projects]]
  branch = "master"
  digest = "1:8aa52c7f7476f9ce660f5db479eb0e19681b58783442f33459954757fc6732fe"
  name = "golang.org/x/image"
  packages = [
    "draw",
    "font",
    "math/f64",
    "math/fixed",
  ]
  pruneopts = "UT"
  revision = "e7c1f5e7dbb87d8921928a6d9fc52fb31ce73b24"

[solve-meta]
  analyzer-name = "dep"
  analyzer-version = 1
  input-imports = ["github.com/llgcode/draw2d/draw2dimg"]
  solver-name = "gps-cdcl"
  solver-version = 1
